
Microsoft Visual Studio Solution File, Format Version 12.00
# Visual Studio Version 17
VisualStudioVersion = 17.13.35919.96 d17.13
MinimumVisualStudioVersion = 10.0.40219.1
Project("{FAE04EC0-301F-11D3-BF4B-00C04F79EFBC}") = "IPAM", "IPAM\IPAM.csproj", "{1CF36D30-6A16-4437-9329-0D14B7E6E51D}"
EndProject
Project("{FAE04EC0-301F-11D3-BF4B-00C04F79EFBC}") = "IPAM-UnitTests", "IPAM-UnitTests\IPAM-UnitTests.csproj", "{F9EA7C3F-55C8-4161-B72B-5B3FC4BA7823}"
EndProject
Project("{C7167F0D-BC9F-4E6E-AFE1-012C56B48DB5}") = "WAP (Package)", "WAP\WAP (Package)\WAP (Package).wapproj", "{19071D21-751E-47E8-93EC-E28A43FBC93C}"
EndProject
Project("{FAE04EC0-301F-11D3-BF4B-00C04F79EFBC}") = "WAP", "WAP\WAP\WAP.csproj", "{ABCE7288-0885-47DE-8977-6D84AA1DD8D4}"
EndProject
Global
	GlobalSection(SolutionConfigurationPlatforms) = preSolution
		Debug|Any CPU = Debug|Any CPU
		Debug|ARM64 = Debug|ARM64
		Debug|x64 = Debug|x64
		Debug|x86 = Debug|x86
		Release|Any CPU = Release|Any CPU
		Release|ARM64 = Release|ARM64
		Release|x64 = Release|x64
		Release|x86 = Release|x86
	EndGlobalSection
	GlobalSection(ProjectConfigurationPlatforms) = postSolution
		{1CF36D30-6A16-4437-9329-0D14B7E6E51D}.Debug|Any CPU.ActiveCfg = Debug|Any CPU
		{1CF36D30-6A16-4437-9329-0D14B7E6E51D}.Debug|Any CPU.Build.0 = Debug|Any CPU
		{1CF36D30-6A16-4437-9329-0D14B7E6E51D}.Debug|ARM64.ActiveCfg = Debug|Any CPU
		{1CF36D30-6A16-4437-9329-0D14B7E6E51D}.Debug|ARM64.Build.0 = Debug|Any CPU
		{1CF36D30-6A16-4437-9329-0D14B7E6E51D}.Debug|x64.ActiveCfg = Debug|Any CPU
		{1CF36D30-6A16-4437-9329-0D14B7E6E51D}.Debug|x64.Build.0 = Debug|Any CPU
		{1CF36D30-6A16-4437-9329-0D14B7E6E51D}.Debug|x86.ActiveCfg = Debug|Any CPU
		{1CF36D30-6A16-4437-9329-0D14B7E6E51D}.Debug|x86.Build.0 = Debug|Any CPU
		{1CF36D30-6A16-4437-9329-0D14B7E6E51D}.Release|Any CPU.ActiveCfg = Release|Any CPU
		{1CF36D30-6A16-4437-9329-0D14B7E6E51D}.Release|Any CPU.Build.0 = Release|Any CPU
		{1CF36D30-6A16-4437-9329-0D14B7E6E51D}.Release|ARM64.ActiveCfg = Release|Any CPU
		{1CF36D30-6A16-4437-9329-0D14B7E6E51D}.Release|ARM64.Build.0 = Release|Any CPU
		{1CF36D30-6A16-4437-9329-0D14B7E6E51D}.Release|x64.ActiveCfg = Release|Any CPU
		{1CF36D30-6A16-4437-9329-0D14B7E6E51D}.Release|x64.Build.0 = Release|Any CPU
		{1CF36D30-6A16-4437-9329-0D14B7E6E51D}.Release|x86.ActiveCfg = Release|Any CPU
		{1CF36D30-6A16-4437-9329-0D14B7E6E51D}.Release|x86.Build.0 = Release|Any CPU
		{F9EA7C3F-55C8-4161-B72B-5B3FC4BA7823}.Debug|Any CPU.ActiveCfg = Debug|Any CPU
		{F9EA7C3F-55C8-4161-B72B-5B3FC4BA7823}.Debug|Any CPU.Build.0 = Debug|Any CPU
		{F9EA7C3F-55C8-4161-B72B-5B3FC4BA7823}.Debug|ARM64.ActiveCfg = Debug|Any CPU
		{F9EA7C3F-55C8-4161-B72B-5B3FC4BA7823}.Debug|ARM64.Build.0 = Debug|Any CPU
		{F9EA7C3F-55C8-4161-B72B-5B3FC4BA7823}.Debug|x64.ActiveCfg = Debug|Any CPU
		{F9EA7C3F-55C8-4161-B72B-5B3FC4BA7823}.Debug|x64.Build.0 = Debug|Any CPU
		{F9EA7C3F-55C8-4161-B72B-5B3FC4BA7823}.Debug|x86.ActiveCfg = Debug|Any CPU
		{F9EA7C3F-55C8-4161-B72B-5B3FC4BA7823}.Debug|x86.Build.0 = Debug|Any CPU
		{F9EA7C3F-55C8-4161-B72B-5B3FC4BA7823}.Release|Any CPU.ActiveCfg = Release|Any CPU
		{F9EA7C3F-55C8-4161-B72B-5B3FC4BA7823}.Release|Any CPU.Build.0 = Release|Any CPU
		{F9EA7C3F-55C8-4161-B72B-5B3FC4BA7823}.Release|ARM64.ActiveCfg = Release|Any CPU
		{F9EA7C3F-55C8-4161-B72B-5B3FC4BA7823}.Release|ARM64.Build.0 = Release|Any CPU
		{F9EA7C3F-55C8-4161-B72B-5B3FC4BA7823}.Release|x64.ActiveCfg = Release|Any CPU
		{F9EA7C3F-55C8-4161-B72B-5B3FC4BA7823}.Release|x64.Build.0 = Release|Any CPU
		{F9EA7C3F-55C8-4161-B72B-5B3FC4BA7823}.Release|x86.ActiveCfg = Release|Any CPU
		{F9EA7C3F-55C8-4161-B72B-5B3FC4BA7823}.Release|x86.Build.0 = Release|Any CPU
		{19071D21-751E-47E8-93EC-E28A43FBC93C}.Debug|Any CPU.ActiveCfg = Debug|x64
		{19071D21-751E-47E8-93EC-E28A43FBC93C}.Debug|Any CPU.Build.0 = Debug|x64
		{19071D21-751E-47E8-93EC-E28A43FBC93C}.Debug|Any CPU.Deploy.0 = Debug|x64
		{19071D21-751E-47E8-93EC-E28A43FBC93C}.Debug|ARM64.ActiveCfg = Debug|ARM64
		{19071D21-751E-47E8-93EC-E28A43FBC93C}.Debug|ARM64.Build.0 = Debug|ARM64
		{19071D21-751E-47E8-93EC-E28A43FBC93C}.Debug|ARM64.Deploy.0 = Debug|ARM64
		{19071D21-751E-47E8-93EC-E28A43FBC93C}.Debug|x64.ActiveCfg = Debug|x64
		{19071D21-751E-47E8-93EC-E28A43FBC93C}.Debug|x64.Build.0 = Debug|x64
		{19071D21-751E-47E8-93EC-E28A43FBC93C}.Debug|x64.Deploy.0 = Debug|x64
		{19071D21-751E-47E8-93EC-E28A43FBC93C}.Debug|x86.ActiveCfg = Debug|x86
		{19071D21-751E-47E8-93EC-E28A43FBC93C}.Debug|x86.Build.0 = Debug|x86
		{19071D21-751E-47E8-93EC-E28A43FBC93C}.Debug|x86.Deploy.0 = Debug|x86
		{19071D21-751E-47E8-93EC-E28A43FBC93C}.Release|Any CPU.ActiveCfg = Release|x64
		{19071D21-751E-47E8-93EC-E28A43FBC93C}.Release|Any CPU.Build.0 = Release|x64
		{19071D21-751E-47E8-93EC-E28A43FBC93C}.Release|Any CPU.Deploy.0 = Release|x64
		{19071D21-751E-47E8-93EC-E28A43FBC93C}.Release|ARM64.ActiveCfg = Release|ARM64
		{19071D21-751E-47E8-93EC-E28A43FBC93C}.Release|ARM64.Build.0 = Release|ARM64
		{19071D21-751E-47E8-93EC-E28A43FBC93C}.Release|ARM64.Deploy.0 = Release|ARM64
		{19071D21-751E-47E8-93EC-E28A43FBC93C}.Release|x64.ActiveCfg = Release|x64
		{19071D21-751E-47E8-93EC-E28A43FBC93C}.Release|x64.Build.0 = Release|x64
		{19071D21-751E-47E8-93EC-E28A43FBC93C}.Release|x64.Deploy.0 = Release|x64
		{19071D21-751E-47E8-93EC-E28A43FBC93C}.Release|x86.ActiveCfg = Release|x86
		{19071D21-751E-47E8-93EC-E28A43FBC93C}.Release|x86.Build.0 = Release|x86
		{19071D21-751E-47E8-93EC-E28A43FBC93C}.Release|x86.Deploy.0 = Release|x86
		{ABCE7288-0885-47DE-8977-6D84AA1DD8D4}.Debug|Any CPU.ActiveCfg = Debug|x64
		{ABCE7288-0885-47DE-8977-6D84AA1DD8D4}.Debug|Any CPU.Build.0 = Debug|x64
		{ABCE7288-0885-47DE-8977-6D84AA1DD8D4}.Debug|ARM64.ActiveCfg = Debug|ARM64
		{ABCE7288-0885-47DE-8977-6D84AA1DD8D4}.Debug|ARM64.Build.0 = Debug|ARM64
		{ABCE7288-0885-47DE-8977-6D84AA1DD8D4}.Debug|x64.ActiveCfg = Debug|x64
		{ABCE7288-0885-47DE-8977-6D84AA1DD8D4}.Debug|x64.Build.0 = Debug|x64
		{ABCE7288-0885-47DE-8977-6D84AA1DD8D4}.Debug|x86.ActiveCfg = Debug|x86
		{ABCE7288-0885-47DE-8977-6D84AA1DD8D4}.Debug|x86.Build.0 = Debug|x86
		{ABCE7288-0885-47DE-8977-6D84AA1DD8D4}.Release|Any CPU.ActiveCfg = Release|x64
		{ABCE7288-0885-47DE-8977-6D84AA1DD8D4}.Release|Any CPU.Build.0 = Release|x64
		{ABCE7288-0885-47DE-8977-6D84AA1DD8D4}.Release|ARM64.ActiveCfg = Release|ARM64
		{ABCE7288-0885-47DE-8977-6D84AA1DD8D4}.Release|ARM64.Build.0 = Release|ARM64
		{ABCE7288-0885-47DE-8977-6D84AA1DD8D4}.Release|x64.ActiveCfg = Release|x64
		{ABCE7288-0885-47DE-8977-6D84AA1DD8D4}.Release|x64.Build.0 = Release|x64
		{ABCE7288-0885-47DE-8977-6D84AA1DD8D4}.Release|x86.ActiveCfg = Release|x86
		{ABCE7288-0885-47DE-8977-6D84AA1DD8D4}.Release|x86.Build.0 = Release|x86
	EndGlobalSection
	GlobalSection(SolutionProperties) = preSolution
		HideSolutionNode = FALSE
	EndGlobalSection
	GlobalSection(ExtensibilityGlobals) = postSolution
		SolutionGuid = {6BAD8FB1-5EC4-4919-8BD9-DA7087201174}
	EndGlobalSection
EndGlobal
